
Microsoft Visual Studio Solution File, Format Version 12.00
# Visual Studio Version 17
VisualStudioVersion = 17.14.36623.8
MinimumVisualStudioVersion = 10.0.40219.1
Project("{FAE04EC0-301F-11D3-BF4B-00C04F79EFBC}") = "OfferConsoleApp", "OfferConsoleApp\OfferConsoleApp.csproj", "{A2936376-4892-4607-9D53-CBFDEF53D107}"
EndProject
Project("{FAE04EC0-301F-11D3-BF4B-00C04F79EFBC}") = "DeliveryAppTest", "DeliveryAppTest\DeliveryAppTest.csproj", "{CCD43052-F4AE-47D5-982C-468986B8D381}"
EndProject
Global
	GlobalSection(SolutionConfigurationPlatforms) = preSolution
		Debug|Any CPU = Debug|Any CPU
		Release|Any CPU = Release|Any CPU
	EndGlobalSection
	GlobalSection(ProjectConfigurationPlatforms) = postSolution
		{A2936376-4892-4607-9D53-CBFDEF53D107}.Debug|Any CPU.ActiveCfg = Debug|Any CPU
		{A2936376-4892-4607-9D53-CBFDEF53D107}.Debug|Any CPU.Build.0 = Debug|Any CPU
		{A2936376-4892-4607-9D53-CBFDEF53D107}.Release|Any CPU.ActiveCfg = Release|Any CPU
		{A2936376-4892-4607-9D53-CBFDEF53D107}.Release|Any CPU.Build.0 = Release|Any CPU
		{CCD43052-F4AE-47D5-982C-468986B8D381}.Debug|Any CPU.ActiveCfg = Debug|Any CPU
		{CCD43052-F4AE-47D5-982C-468986B8D381}.Debug|Any CPU.Build.0 = Debug|Any CPU
		{CCD43052-F4AE-47D5-982C-468986B8D381}.Release|Any CPU.ActiveCfg = Release|Any CPU
		{CCD43052-F4AE-47D5-982C-468986B8D381}.Release|Any CPU.Build.0 = Release|Any CPU
	EndGlobalSection
	GlobalSection(SolutionProperties) = preSolution
		HideSolutionNode = FALSE
	EndGlobalSection
	GlobalSection(ExtensibilityGlobals) = postSolution
		SolutionGuid = {73E5267B-6E9E-4FFB-8189-972ED610C489}
	EndGlobalSection
EndGlobal
